// !$*UTF8*$!
{
	archiveVersion = 1;
	classes = {
	};
	objectVersion = 56;
	objects = {

/* Begin PBXBuildFile section */
		7616CACA29940FAE00D963A1 /* CoinRowView.swift in Sources */ = {isa = PBXBuildFile; fileRef = 7616CAC929940FAE00D963A1 /* CoinRowView.swift */; };
		7616CACC2994107A00D963A1 /* PreviewProvider.swift in Sources */ = {isa = PBXBuildFile; fileRef = 7616CACB2994107A00D963A1 /* PreviewProvider.swift */; };
		7616CACE2994139800D963A1 /* Double.swift in Sources */ = {isa = PBXBuildFile; fileRef = 7616CACD2994139800D963A1 /* Double.swift */; };
		7616CAD029941ED900D963A1 /* HomeViewModel.swift in Sources */ = {isa = PBXBuildFile; fileRef = 7616CACF29941ED900D963A1 /* HomeViewModel.swift */; };
		7645163C299793B700EC8D90 /* SearchBarView.swift in Sources */ = {isa = PBXBuildFile; fileRef = 7645163B299793B700EC8D90 /* SearchBarView.swift */; };
		7645163E299798E800EC8D90 /* UIApplication.swift in Sources */ = {isa = PBXBuildFile; fileRef = 7645163D299798E800EC8D90 /* UIApplication.swift */; };
		7647036B299AB0AA00AA8F8C /* PortfolioView.swift in Sources */ = {isa = PBXBuildFile; fileRef = 7647036A299AB0AA00AA8F8C /* PortfolioView.swift */; };
		7647036F299AB67A00AA8F8C /* CoinLogoView.swift in Sources */ = {isa = PBXBuildFile; fileRef = 7647036E299AB67A00AA8F8C /* CoinLogoView.swift */; };
		7679B67C29956F970073A570 /* LocalFileManager.swift in Sources */ = {isa = PBXBuildFile; fileRef = 7679B67B29956F970073A570 /* LocalFileManager.swift */; };
		769D1317299947E500DF9D29 /* StatisticModel.swift in Sources */ = {isa = PBXBuildFile; fileRef = 769D1316299947E500DF9D29 /* StatisticModel.swift */; };
		769D13192999492A00DF9D29 /* StatisticView.swift in Sources */ = {isa = PBXBuildFile; fileRef = 769D13182999492A00DF9D29 /* StatisticView.swift */; };
		769D131B29994C4900DF9D29 /* HomeStatsView.swift in Sources */ = {isa = PBXBuildFile; fileRef = 769D131A29994C4900DF9D29 /* HomeStatsView.swift */; };
		769D131D299958C000DF9D29 /* MarketData.swift in Sources */ = {isa = PBXBuildFile; fileRef = 769D131C299958C000DF9D29 /* MarketData.swift */; };
		769D131F29995C4000DF9D29 /* MarketDataService.swift in Sources */ = {isa = PBXBuildFile; fileRef = 769D131E29995C4000DF9D29 /* MarketDataService.swift */; };
		76AEDEBD2994CF33007A72DB /* CoinDataService.swift in Sources */ = {isa = PBXBuildFile; fileRef = 76AEDEBC2994CF33007A72DB /* CoinDataService.swift */; };
		76AEDEC02994D5C2007A72DB /* NetworkingManager.swift in Sources */ = {isa = PBXBuildFile; fileRef = 76AEDEBF2994D5C2007A72DB /* NetworkingManager.swift */; };
		76AEDEC32994DE6E007A72DB /* CoinImageView.swift in Sources */ = {isa = PBXBuildFile; fileRef = 76AEDEC22994DE6E007A72DB /* CoinImageView.swift */; };
		76AEDEC52994E04C007A72DB /* CoinImageService.swift in Sources */ = {isa = PBXBuildFile; fileRef = 76AEDEC42994E04C007A72DB /* CoinImageService.swift */; };
		76AEDEC72994E1F4007A72DB /* CoinImageViewModel.swift in Sources */ = {isa = PBXBuildFile; fileRef = 76AEDEC62994E1F4007A72DB /* CoinImageViewModel.swift */; };
		76E242F62992BB3F00F3420F /* CryptonosApp.swift in Sources */ = {isa = PBXBuildFile; fileRef = 76E242F52992BB3F00F3420F /* CryptonosApp.swift */; };
		76E242F82992BB3F00F3420F /* ContentView.swift in Sources */ = {isa = PBXBuildFile; fileRef = 76E242F72992BB3F00F3420F /* ContentView.swift */; };
		76E242FA2992BB4000F3420F /* Assets.xcassets in Resources */ = {isa = PBXBuildFile; fileRef = 76E242F92992BB4000F3420F /* Assets.xcassets */; };
		76E242FD2992BB4000F3420F /* Preview Assets.xcassets in Resources */ = {isa = PBXBuildFile; fileRef = 76E242FC2992BB4000F3420F /* Preview Assets.xcassets */; };
		76E243052992BE2800F3420F /* Color.swift in Sources */ = {isa = PBXBuildFile; fileRef = 76E243042992BE2800F3420F /* Color.swift */; };
		76E2430B2992C08A00F3420F /* HomeView.swift in Sources */ = {isa = PBXBuildFile; fileRef = 76E2430A2992C08A00F3420F /* HomeView.swift */; };
		76E2430F2992C17400F3420F /* CircleButtonView.swift in Sources */ = {isa = PBXBuildFile; fileRef = 76E2430E2992C17400F3420F /* CircleButtonView.swift */; };
		76E243112992C45700F3420F /* CircleButtonAnimationView.swift in Sources */ = {isa = PBXBuildFile; fileRef = 76E243102992C45700F3420F /* CircleButtonAnimationView.swift */; };
		76E243162992C8A600F3420F /* CoinModel.swift in Sources */ = {isa = PBXBuildFile; fileRef = 76E243152992C8A600F3420F /* CoinModel.swift */; };
/* End PBXBuildFile section */

/* Begin PBXFileReference section */
		7616CAC929940FAE00D963A1 /* CoinRowView.swift */ = {isa = PBXFileReference; lastKnownFileType = sourcecode.swift; path = CoinRowView.swift; sourceTree = "<group>"; };
		7616CACB2994107A00D963A1 /* PreviewProvider.swift */ = {isa = PBXFileReference; lastKnownFileType = sourcecode.swift; path = PreviewProvider.swift; sourceTree = "<group>"; };
		7616CACD2994139800D963A1 /* Double.swift */ = {isa = PBXFileReference; lastKnownFileType = sourcecode.swift; path = Double.swift; sourceTree = "<group>"; };
		7616CACF29941ED900D963A1 /* HomeViewModel.swift */ = {isa = PBXFileReference; lastKnownFileType = sourcecode.swift; path = HomeViewModel.swift; sourceTree = "<group>"; };
		7645163B299793B700EC8D90 /* SearchBarView.swift */ = {isa = PBXFileReference; lastKnownFileType = sourcecode.swift; path = SearchBarView.swift; sourceTree = "<group>"; };
		7645163D299798E800EC8D90 /* UIApplication.swift */ = {isa = PBXFileReference; lastKnownFileType = sourcecode.swift; path = UIApplication.swift; sourceTree = "<group>"; };
		7647036A299AB0AA00AA8F8C /* PortfolioView.swift */ = {isa = PBXFileReference; lastKnownFileType = sourcecode.swift; path = PortfolioView.swift; sourceTree = "<group>"; };
		7647036E299AB67A00AA8F8C /* CoinLogoView.swift */ = {isa = PBXFileReference; lastKnownFileType = sourcecode.swift; path = CoinLogoView.swift; sourceTree = "<group>"; };
		7679B67B29956F970073A570 /* LocalFileManager.swift */ = {isa = PBXFileReference; lastKnownFileType = sourcecode.swift; path = LocalFileManager.swift; sourceTree = "<group>"; };
		769D1316299947E500DF9D29 /* StatisticModel.swift */ = {isa = PBXFileReference; lastKnownFileType = sourcecode.swift; path = StatisticModel.swift; sourceTree = "<group>"; };
		769D13182999492A00DF9D29 /* StatisticView.swift */ = {isa = PBXFileReference; lastKnownFileType = sourcecode.swift; path = StatisticView.swift; sourceTree = "<group>"; };
		769D131A29994C4900DF9D29 /* HomeStatsView.swift */ = {isa = PBXFileReference; lastKnownFileType = sourcecode.swift; path = HomeStatsView.swift; sourceTree = "<group>"; };
		769D131C299958C000DF9D29 /* MarketData.swift */ = {isa = PBXFileReference; lastKnownFileType = sourcecode.swift; path = MarketData.swift; sourceTree = "<group>"; };
		769D131E29995C4000DF9D29 /* MarketDataService.swift */ = {isa = PBXFileReference; lastKnownFileType = sourcecode.swift; path = MarketDataService.swift; sourceTree = "<group>"; };
		76AEDEBC2994CF33007A72DB /* CoinDataService.swift */ = {isa = PBXFileReference; lastKnownFileType = sourcecode.swift; path = CoinDataService.swift; sourceTree = "<group>"; };
		76AEDEBF2994D5C2007A72DB /* NetworkingManager.swift */ = {isa = PBXFileReference; lastKnownFileType = sourcecode.swift; path = NetworkingManager.swift; sourceTree = "<group>"; };
		76AEDEC22994DE6E007A72DB /* CoinImageView.swift */ = {isa = PBXFileReference; lastKnownFileType = sourcecode.swift; path = CoinImageView.swift; sourceTree = "<group>"; };
		76AEDEC42994E04C007A72DB /* CoinImageService.swift */ = {isa = PBXFileReference; lastKnownFileType = sourcecode.swift; path = CoinImageService.swift; sourceTree = "<group>"; };
		76AEDEC62994E1F4007A72DB /* CoinImageViewModel.swift */ = {isa = PBXFileReference; lastKnownFileType = sourcecode.swift; path = CoinImageViewModel.swift; sourceTree = "<group>"; };
		76E242F22992BB3F00F3420F /* Cryptonos.app */ = {isa = PBXFileReference; explicitFileType = wrapper.application; includeInIndex = 0; path = Cryptonos.app; sourceTree = BUILT_PRODUCTS_DIR; };
		76E242F52992BB3F00F3420F /* CryptonosApp.swift */ = {isa = PBXFileReference; lastKnownFileType = sourcecode.swift; path = CryptonosApp.swift; sourceTree = "<group>"; };
		76E242F72992BB3F00F3420F /* ContentView.swift */ = {isa = PBXFileReference; lastKnownFileType = sourcecode.swift; path = ContentView.swift; sourceTree = "<group>"; };
		76E242F92992BB4000F3420F /* Assets.xcassets */ = {isa = PBXFileReference; lastKnownFileType = folder.assetcatalog; path = Assets.xcassets; sourceTree = "<group>"; };
		76E242FC2992BB4000F3420F /* Preview Assets.xcassets */ = {isa = PBXFileReference; lastKnownFileType = folder.assetcatalog; path = "Preview Assets.xcassets"; sourceTree = "<group>"; };
		76E243042992BE2800F3420F /* Color.swift */ = {isa = PBXFileReference; lastKnownFileType = sourcecode.swift; path = Color.swift; sourceTree = "<group>"; };
		76E2430A2992C08A00F3420F /* HomeView.swift */ = {isa = PBXFileReference; lastKnownFileType = sourcecode.swift; path = HomeView.swift; sourceTree = "<group>"; };
		76E2430E2992C17400F3420F /* CircleButtonView.swift */ = {isa = PBXFileReference; lastKnownFileType = sourcecode.swift; path = CircleButtonView.swift; sourceTree = "<group>"; };
		76E243102992C45700F3420F /* CircleButtonAnimationView.swift */ = {isa = PBXFileReference; lastKnownFileType = sourcecode.swift; path = CircleButtonAnimationView.swift; sourceTree = "<group>"; };
		76E243152992C8A600F3420F /* CoinModel.swift */ = {isa = PBXFileReference; lastKnownFileType = sourcecode.swift; path = CoinModel.swift; sourceTree = "<group>"; };
/* End PBXFileReference section */

/* Begin PBXFrameworksBuildPhase section */
		76E242EF2992BB3F00F3420F /* Frameworks */ = {
			isa = PBXFrameworksBuildPhase;
			buildActionMask = 2147483647;
			files = (
			);
			runOnlyForDeploymentPostprocessing = 0;
		};
/* End PBXFrameworksBuildPhase section */

/* Begin PBXGroup section */
		76AEDEBB2994CF04007A72DB /* Services */ = {
			isa = PBXGroup;
			children = (
				76AEDEBC2994CF33007A72DB /* CoinDataService.swift */,
				76AEDEC42994E04C007A72DB /* CoinImageService.swift */,
				769D131E29995C4000DF9D29 /* MarketDataService.swift */,
			);
			path = Services;
			sourceTree = "<group>";
		};
		76AEDEBE2994D590007A72DB /* Utilities */ = {
			isa = PBXGroup;
			children = (
				76AEDEBF2994D5C2007A72DB /* NetworkingManager.swift */,
				7679B67B29956F970073A570 /* LocalFileManager.swift */,
			);
			path = Utilities;
			sourceTree = "<group>";
		};
		76AEDEC12994DE5F007A72DB /* CoinImage */ = {
			isa = PBXGroup;
			children = (
				76AEDEC22994DE6E007A72DB /* CoinImageView.swift */,
				76AEDEC62994E1F4007A72DB /* CoinImageViewModel.swift */,
				7647036E299AB67A00AA8F8C /* CoinLogoView.swift */,
			);
			path = CoinImage;
			sourceTree = "<group>";
		};
		76E242E92992BB3F00F3420F = {
			isa = PBXGroup;
			children = (
				76E242F42992BB3F00F3420F /* Cryptonos */,
				76E242F32992BB3F00F3420F /* Products */,
			);
			sourceTree = "<group>";
		};
		76E242F32992BB3F00F3420F /* Products */ = {
			isa = PBXGroup;
			children = (
				76E242F22992BB3F00F3420F /* Cryptonos.app */,
			);
			name = Products;
			sourceTree = "<group>";
		};
		76E242F42992BB3F00F3420F /* Cryptonos */ = {
			isa = PBXGroup;
			children = (
				76E242F52992BB3F00F3420F /* CryptonosApp.swift */,
				76AEDEBE2994D590007A72DB /* Utilities */,
				76E243032992BDAC00F3420F /* Extentions */,
				76AEDEBB2994CF04007A72DB /* Services */,
				76E243122992C85E00F3420F /* Models */,
				76E243062992C05500F3420F /* Core */,
				76E242F72992BB3F00F3420F /* ContentView.swift */,
				76E242F92992BB4000F3420F /* Assets.xcassets */,
				76E242FB2992BB4000F3420F /* Preview Content */,
			);
			path = Cryptonos;
			sourceTree = "<group>";
		};
		76E242FB2992BB4000F3420F /* Preview Content */ = {
			isa = PBXGroup;
			children = (
				76E242FC2992BB4000F3420F /* Preview Assets.xcassets */,
			);
			path = "Preview Content";
			sourceTree = "<group>";
		};
		76E243032992BDAC00F3420F /* Extentions */ = {
			isa = PBXGroup;
			children = (
				76E243042992BE2800F3420F /* Color.swift */,
				7616CACB2994107A00D963A1 /* PreviewProvider.swift */,
				7616CACD2994139800D963A1 /* Double.swift */,
				7645163D299798E800EC8D90 /* UIApplication.swift */,
			);
			path = Extentions;
			sourceTree = "<group>";
		};
		76E243062992C05500F3420F /* Core */ = {
			isa = PBXGroup;
			children = (
				76E2430C2992C14D00F3420F /* Components */,
				76E243072992C06A00F3420F /* Home */,
			);
			path = Core;
			sourceTree = "<group>";
		};
		76E243072992C06A00F3420F /* Home */ = {
			isa = PBXGroup;
			children = (
				76E243092992C07B00F3420F /* ViewModels */,
				76E243082992C07500F3420F /* Views */,
			);
			path = Home;
			sourceTree = "<group>";
		};
		76E243082992C07500F3420F /* Views */ = {
			isa = PBXGroup;
			children = (
				76E2430A2992C08A00F3420F /* HomeView.swift */,
				769D131A29994C4900DF9D29 /* HomeStatsView.swift */,
				7616CAC929940FAE00D963A1 /* CoinRowView.swift */,
				7647036A299AB0AA00AA8F8C /* PortfolioView.swift */,
			);
			path = Views;
			sourceTree = "<group>";
		};
		76E243092992C07B00F3420F /* ViewModels */ = {
			isa = PBXGroup;
			children = (
				7616CACF29941ED900D963A1 /* HomeViewModel.swift */,
			);
			path = ViewModels;
			sourceTree = "<group>";
		};
		76E2430C2992C14D00F3420F /* Components */ = {
			isa = PBXGroup;
			children = (
				76AEDEC12994DE5F007A72DB /* CoinImage */,
				76E2430D2992C16500F3420F /* CircleButton */,
				7645163B299793B700EC8D90 /* SearchBarView.swift */,
				769D13182999492A00DF9D29 /* StatisticView.swift */,
			);
			path = Components;
			sourceTree = "<group>";
		};
		76E2430D2992C16500F3420F /* CircleButton */ = {
			isa = PBXGroup;
			children = (
				76E2430E2992C17400F3420F /* CircleButtonView.swift */,
				76E243102992C45700F3420F /* CircleButtonAnimationView.swift */,
			);
			path = CircleButton;
			sourceTree = "<group>";
		};
		76E243122992C85E00F3420F /* Models */ = {
			isa = PBXGroup;
			children = (
				76E243152992C8A600F3420F /* CoinModel.swift */,
				769D1316299947E500DF9D29 /* StatisticModel.swift */,
				769D131C299958C000DF9D29 /* MarketData.swift */,
			);
			path = Models;
			sourceTree = "<group>";
		};
/* End PBXGroup section */

/* Begin PBXNativeTarget section */
		76E242F12992BB3F00F3420F /* Cryptonos */ = {
			isa = PBXNativeTarget;
			buildConfigurationList = 76E243002992BB4000F3420F /* Build configuration list for PBXNativeTarget "Cryptonos" */;
			buildPhases = (
				76E242EE2992BB3F00F3420F /* Sources */,
				76E242EF2992BB3F00F3420F /* Frameworks */,
				76E242F02992BB3F00F3420F /* Resources */,
			);
			buildRules = (
			);
			dependencies = (
			);
			name = Cryptonos;
			productName = Cryptonos;
			productReference = 76E242F22992BB3F00F3420F /* Cryptonos.app */;
			productType = "com.apple.product-type.application";
		};
/* End PBXNativeTarget section */

/* Begin PBXProject section */
		76E242EA2992BB3F00F3420F /* Project object */ = {
			isa = PBXProject;
			attributes = {
				BuildIndependentTargetsInParallel = 1;
				LastSwiftUpdateCheck = 1400;
				LastUpgradeCheck = 1400;
				TargetAttributes = {
					76E242F12992BB3F00F3420F = {
						CreatedOnToolsVersion = 14.0.1;
					};
				};
			};
			buildConfigurationList = 76E242ED2992BB3F00F3420F /* Build configuration list for PBXProject "Cryptonos" */;
			compatibilityVersion = "Xcode 14.0";
			developmentRegion = en;
			hasScannedForEncodings = 0;
			knownRegions = (
				en,
				Base,
			);
			mainGroup = 76E242E92992BB3F00F3420F;
			productRefGroup = 76E242F32992BB3F00F3420F /* Products */;
			projectDirPath = "";
			projectRoot = "";
			targets = (
				76E242F12992BB3F00F3420F /* Cryptonos */,
			);
		};
/* End PBXProject section */

/* Begin PBXResourcesBuildPhase section */
		76E242F02992BB3F00F3420F /* Resources */ = {
			isa = PBXResourcesBuildPhase;
			buildActionMask = 2147483647;
			files = (
				76E242FD2992BB4000F3420F /* Preview Assets.xcassets in Resources */,
				76E242FA2992BB4000F3420F /* Assets.xcassets in Resources */,
			);
			runOnlyForDeploymentPostprocessing = 0;
		};
/* End PBXResourcesBuildPhase section */

/* Begin PBXSourcesBuildPhase section */
		76E242EE2992BB3F00F3420F /* Sources */ = {
			isa = PBXSourcesBuildPhase;
			buildActionMask = 2147483647;
			files = (
				769D1317299947E500DF9D29 /* StatisticModel.swift in Sources */,
				76AEDEBD2994CF33007A72DB /* CoinDataService.swift in Sources */,
				7616CACA29940FAE00D963A1 /* CoinRowView.swift in Sources */,
				769D131D299958C000DF9D29 /* MarketData.swift in Sources */,
				7616CAD029941ED900D963A1 /* HomeViewModel.swift in Sources */,
				76E242F82992BB3F00F3420F /* ContentView.swift in Sources */,
				7679B67C29956F970073A570 /* LocalFileManager.swift in Sources */,
				76E2430B2992C08A00F3420F /* HomeView.swift in Sources */,
				769D13192999492A00DF9D29 /* StatisticView.swift in Sources */,
				76AEDEC32994DE6E007A72DB /* CoinImageView.swift in Sources */,
				76E242F62992BB3F00F3420F /* CryptonosApp.swift in Sources */,
				7645163E299798E800EC8D90 /* UIApplication.swift in Sources */,
				76E2430F2992C17400F3420F /* CircleButtonView.swift in Sources */,
				76E243052992BE2800F3420F /* Color.swift in Sources */,
				7645163C299793B700EC8D90 /* SearchBarView.swift in Sources */,
				76AEDEC02994D5C2007A72DB /* NetworkingManager.swift in Sources */,
				7647036F299AB67A00AA8F8C /* CoinLogoView.swift in Sources */,
				769D131B29994C4900DF9D29 /* HomeStatsView.swift in Sources */,
				769D131F29995C4000DF9D29 /* MarketDataService.swift in Sources */,
				76E243112992C45700F3420F /* CircleButtonAnimationView.swift in Sources */,
				76AEDEC72994E1F4007A72DB /* CoinImageViewModel.swift in Sources */,
				7616CACC2994107A00D963A1 /* PreviewProvider.swift in Sources */,
				7647036B299AB0AA00AA8F8C /* PortfolioView.swift in Sources */,
				7616CACE2994139800D963A1 /* Double.swift in Sources */,
				76AEDEC52994E04C007A72DB /* CoinImageService.swift in Sources */,
				76E243162992C8A600F3420F /* CoinModel.swift in Sources */,
			);
			runOnlyForDeploymentPostprocessing = 0;
		};
/* End PBXSourcesBuildPhase section */

/* Begin XCBuildConfiguration section */
		76E242FE2992BB4000F3420F /* Debug */ = {
			isa = XCBuildConfiguration;
			buildSettings = {
				ALWAYS_SEARCH_USER_PATHS = NO;
				CLANG_ANALYZER_NONNULL = YES;
				CLANG_ANALYZER_NUMBER_OBJECT_CONVERSION = YES_AGGRESSIVE;
				CLANG_CXX_LANGUAGE_STANDARD = "gnu++20";
				CLANG_ENABLE_MODULES = YES;
				CLANG_ENABLE_OBJC_ARC = YES;
				CLANG_ENABLE_OBJC_WEAK = YES;
				CLANG_WARN_BLOCK_CAPTURE_AUTORELEASING = YES;
				CLANG_WARN_BOOL_CONVERSION = YES;
				CLANG_WARN_COMMA = YES;
				CLANG_WARN_CONSTANT_CONVERSION = YES;
				CLANG_WARN_DEPRECATED_OBJC_IMPLEMENTATIONS = YES;
				CLANG_WARN_DIRECT_OBJC_ISA_USAGE = YES_ERROR;
				CLANG_WARN_DOCUMENTATION_COMMENTS = YES;
				CLANG_WARN_EMPTY_BODY = YES;
				CLANG_WARN_ENUM_CONVERSION = YES;
				CLANG_WARN_INFINITE_RECURSION = YES;
				CLANG_WARN_INT_CONVERSION = YES;
				CLANG_WARN_NON_LITERAL_NULL_CONVERSION = YES;
				CLANG_WARN_OBJC_IMPLICIT_RETAIN_SELF = YES;
				CLANG_WARN_OBJC_LITERAL_CONVERSION = YES;
				CLANG_WARN_OBJC_ROOT_CLASS = YES_ERROR;
				CLANG_WARN_QUOTED_INCLUDE_IN_FRAMEWORK_HEADER = YES;
				CLANG_WARN_RANGE_LOOP_ANALYSIS = YES;
				CLANG_WARN_STRICT_PROTOTYPES = YES;
				CLANG_WARN_SUSPICIOUS_MOVE = YES;
				CLANG_WARN_UNGUARDED_AVAILABILITY = YES_AGGRESSIVE;
				CLANG_WARN_UNREACHABLE_CODE = YES;
				CLANG_WARN__DUPLICATE_METHOD_MATCH = YES;
				COPY_PHASE_STRIP = NO;
				DEBUG_INFORMATION_FORMAT = dwarf;
				ENABLE_STRICT_OBJC_MSGSEND = YES;
				ENABLE_TESTABILITY = YES;
				GCC_C_LANGUAGE_STANDARD = gnu11;
				GCC_DYNAMIC_NO_PIC = NO;
				GCC_NO_COMMON_BLOCKS = YES;
				GCC_OPTIMIZATION_LEVEL = 0;
				GCC_PREPROCESSOR_DEFINITIONS = (
					"DEBUG=1",
					"$(inherited)",
				);
				GCC_WARN_64_TO_32_BIT_CONVERSION = YES;
				GCC_WARN_ABOUT_RETURN_TYPE = YES_ERROR;
				GCC_WARN_UNDECLARED_SELECTOR = YES;
				GCC_WARN_UNINITIALIZED_AUTOS = YES_AGGRESSIVE;
				GCC_WARN_UNUSED_FUNCTION = YES;
				GCC_WARN_UNUSED_VARIABLE = YES;
				IPHONEOS_DEPLOYMENT_TARGET = 14.0;
				MTL_ENABLE_DEBUG_INFO = INCLUDE_SOURCE;
				MTL_FAST_MATH = YES;
				ONLY_ACTIVE_ARCH = YES;
				SDKROOT = iphoneos;
				SWIFT_ACTIVE_COMPILATION_CONDITIONS = DEBUG;
				SWIFT_OPTIMIZATION_LEVEL = "-Onone";
			};
			name = Debug;
		};
		76E242FF2992BB4000F3420F /* Release */ = {
			isa = XCBuildConfiguration;
			buildSettings = {
				ALWAYS_SEARCH_USER_PATHS = NO;
				CLANG_ANALYZER_NONNULL = YES;
				CLANG_ANALYZER_NUMBER_OBJECT_CONVERSION = YES_AGGRESSIVE;
				CLANG_CXX_LANGUAGE_STANDARD = "gnu++20";
				CLANG_ENABLE_MODULES = YES;
				CLANG_ENABLE_OBJC_ARC = YES;
				CLANG_ENABLE_OBJC_WEAK = YES;
				CLANG_WARN_BLOCK_CAPTURE_AUTORELEASING = YES;
				CLANG_WARN_BOOL_CONVERSION = YES;
				CLANG_WARN_COMMA = YES;
				CLANG_WARN_CONSTANT_CONVERSION = YES;
				CLANG_WARN_DEPRECATED_OBJC_IMPLEMENTATIONS = YES;
				CLANG_WARN_DIRECT_OBJC_ISA_USAGE = YES_ERROR;
				CLANG_WARN_DOCUMENTATION_COMMENTS = YES;
				CLANG_WARN_EMPTY_BODY = YES;
				CLANG_WARN_ENUM_CONVERSION = YES;
				CLANG_WARN_INFINITE_RECURSION = YES;
				CLANG_WARN_INT_CONVERSION = YES;
				CLANG_WARN_NON_LITERAL_NULL_CONVERSION = YES;
				CLANG_WARN_OBJC_IMPLICIT_RETAIN_SELF = YES;
				CLANG_WARN_OBJC_LITERAL_CONVERSION = YES;
				CLANG_WARN_OBJC_ROOT_CLASS = YES_ERROR;
				CLANG_WARN_QUOTED_INCLUDE_IN_FRAMEWORK_HEADER = YES;
				CLANG_WARN_RANGE_LOOP_ANALYSIS = YES;
				CLANG_WARN_STRICT_PROTOTYPES = YES;
				CLANG_WARN_SUSPICIOUS_MOVE = YES;
				CLANG_WARN_UNGUARDED_AVAILABILITY = YES_AGGRESSIVE;
				CLANG_WARN_UNREACHABLE_CODE = YES;
				CLANG_WARN__DUPLICATE_METHOD_MATCH = YES;
				COPY_PHASE_STRIP = NO;
				DEBUG_INFORMATION_FORMAT = "dwarf-with-dsym";
				ENABLE_NS_ASSERTIONS = NO;
				ENABLE_STRICT_OBJC_MSGSEND = YES;
				GCC_C_LANGUAGE_STANDARD = gnu11;
				GCC_NO_COMMON_BLOCKS = YES;
				GCC_WARN_64_TO_32_BIT_CONVERSION = YES;
				GCC_WARN_ABOUT_RETURN_TYPE = YES_ERROR;
				GCC_WARN_UNDECLARED_SELECTOR = YES;
				GCC_WARN_UNINITIALIZED_AUTOS = YES_AGGRESSIVE;
				GCC_WARN_UNUSED_FUNCTION = YES;
				GCC_WARN_UNUSED_VARIABLE = YES;
				IPHONEOS_DEPLOYMENT_TARGET = 14.0;
				MTL_ENABLE_DEBUG_INFO = NO;
				MTL_FAST_MATH = YES;
				SDKROOT = iphoneos;
				SWIFT_COMPILATION_MODE = wholemodule;
				SWIFT_OPTIMIZATION_LEVEL = "-O";
				VALIDATE_PRODUCT = YES;
			};
			name = Release;
		};
		76E243012992BB4000F3420F /* Debug */ = {
			isa = XCBuildConfiguration;
			buildSettings = {
				ASSETCATALOG_COMPILER_APPICON_NAME = AppIcon;
				ASSETCATALOG_COMPILER_GLOBAL_ACCENT_COLOR_NAME = AccentColor;
				CODE_SIGN_STYLE = Automatic;
				CURRENT_PROJECT_VERSION = 1;
				DEVELOPMENT_ASSET_PATHS = "\"Cryptonos/Preview Content\"";
				DEVELOPMENT_TEAM = THGV2QJ4R5;
				ENABLE_PREVIEWS = YES;
				GENERATE_INFOPLIST_FILE = YES;
				INFOPLIST_KEY_CFBundleDisplayName = Cryptonos;
				INFOPLIST_KEY_UIApplicationSceneManifest_Generation = YES;
				INFOPLIST_KEY_UIApplicationSupportsIndirectInputEvents = YES;
				INFOPLIST_KEY_UILaunchScreen_Generation = YES;
				INFOPLIST_KEY_UISupportedInterfaceOrientations = "UIInterfaceOrientationLandscapeRight UIInterfaceOrientationPortrait";
				INFOPLIST_KEY_UISupportedInterfaceOrientations_iPad = UIInterfaceOrientationPortrait;
				IPHONEOS_DEPLOYMENT_TARGET = 14.0;
				LD_RUNPATH_SEARCH_PATHS = (
					"$(inherited)",
					"@executable_path/Frameworks",
				);
				MARKETING_VERSION = 1.0;
				PRODUCT_BUNDLE_IDENTIFIER = AleksandrKhristichenko.Cryptonos;
				PRODUCT_NAME = "$(TARGET_NAME)";
				SWIFT_EMIT_LOC_STRINGS = YES;
				SWIFT_VERSION = 5.0;
				TARGETED_DEVICE_FAMILY = "1,2";
			};
			name = Debug;
		};
		76E243022992BB4000F3420F /* Release */ = {
			isa = XCBuildConfiguration;
			buildSettings = {
				ASSETCATALOG_COMPILER_APPICON_NAME = AppIcon;
				ASSETCATALOG_COMPILER_GLOBAL_ACCENT_COLOR_NAME = AccentColor;
				CODE_SIGN_STYLE = Automatic;
				CURRENT_PROJECT_VERSION = 1;
				DEVELOPMENT_ASSET_PATHS = "\"Cryptonos/Preview Content\"";
				DEVELOPMENT_TEAM = THGV2QJ4R5;
				ENABLE_PREVIEWS = YES;
				GENERATE_INFOPLIST_FILE = YES;
				INFOPLIST_KEY_CFBundleDisplayName = Cryptonos;
				INFOPLIST_KEY_UIApplicationSceneManifest_Generation = YES;
				INFOPLIST_KEY_UIApplicationSupportsIndirectInputEvents = YES;
				INFOPLIST_KEY_UILaunchScreen_Generation = YES;
				INFOPLIST_KEY_UISupportedInterfaceOrientations = "UIInterfaceOrientationLandscapeRight UIInterfaceOrientationPortrait";
				INFOPLIST_KEY_UISupportedInterfaceOrientations_iPad = UIInterfaceOrientationPortrait;
				IPHONEOS_DEPLOYMENT_TARGET = 14.0;
				LD_RUNPATH_SEARCH_PATHS = (
					"$(inherited)",
					"@executable_path/Frameworks",
				);
				MARKETING_VERSION = 1.0;
				PRODUCT_BUNDLE_IDENTIFIER = AleksandrKhristichenko.Cryptonos;
				PRODUCT_NAME = "$(TARGET_NAME)";
				SWIFT_EMIT_LOC_STRINGS = YES;
				SWIFT_VERSION = 5.0;
				TARGETED_DEVICE_FAMILY = "1,2";
			};
			name = Release;
		};
/* End XCBuildConfiguration section */

/* Begin XCConfigurationList section */
		76E242ED2992BB3F00F3420F /* Build configuration list for PBXProject "Cryptonos" */ = {
			isa = XCConfigurationList;
			buildConfigurations = (
				76E242FE2992BB4000F3420F /* Debug */,
				76E242FF2992BB4000F3420F /* Release */,
			);
			defaultConfigurationIsVisible = 0;
			defaultConfigurationName = Release;
		};
		76E243002992BB4000F3420F /* Build configuration list for PBXNativeTarget "Cryptonos" */ = {
			isa = XCConfigurationList;
			buildConfigurations = (
				76E243012992BB4000F3420F /* Debug */,
				76E243022992BB4000F3420F /* Release */,
			);
			defaultConfigurationIsVisible = 0;
			defaultConfigurationName = Release;
		};
/* End XCConfigurationList section */
	};
	rootObject = 76E242EA2992BB3F00F3420F /* Project object */;
}
